lockfileVersion: '6.0'

settings:
  autoInstallPeers: true
  excludeLinksFromLockfile: false

dependencies:
  systeminformation:
    specifier: ^4.33.5
    version: 4.34.23

packages:

  /systeminformation@4.34.23:
    resolution: {integrity: sha512-33+lQwlLxXoxy0o9WLOgw8OjbXeS3Jv+pSl+nxKc2AOClBI28HsdRPpH0u9Xa9OVjHLT9vonnOMw1ug7YXI0dA==}
    engines: {node: '>=4.0.0'}
    os: [darwin, linux, win32, freebsd, openbsd, netbsd, sunos]
    hasBin: true
    dev: false
